
Microsoft Visual Studio Solution File, Format Version 12.00
# Visual Studio 15
VisualStudioVersion = 15.0.26730.16
MinimumVisualStudioVersion = 10.0.40219.1
Project("{FAE04EC0-301F-11D3-BF4B-00C04F79EFBC}") = "RSA", "RSA\RSA.csproj", "{57E369A9-0F8B-4A9F-A694-FAE767196A6F}"
EndProject
Global
	GlobalSection(SolutionConfigurationPlatforms) = preSolution
		Debug|Any CPU = Debug|Any CPU
		Release|Any CPU = Release|Any CPU
	EndGlobalSection
	GlobalSection(ProjectConfigurationPlatforms) = postSolution
		{57E369A9-0F8B-4A9F-A694-FAE767196A6F}.Debug|Any CPU.ActiveCfg = Debug|Any CPU
		{57E369A9-0F8B-4A9F-A694-FAE767196A6F}.Debug|Any CPU.Build.0 = Debug|Any CPU
		{57E369A9-0F8B-4A9F-A694-FAE767196A6F}.Release|Any CPU.ActiveCfg = Release|Any CPU
		{57E369A9-0F8B-4A9F-A694-FAE767196A6F}.Release|Any CPU.Build.0 = Release|Any CPU
	EndGlobalSection
	GlobalSection(SolutionProperties) = preSolution
		HideSolutionNode = FALSE
	EndGlobalSection
	GlobalSection(ExtensibilityGlobals) = postSolution
		SolutionGuid = {F13C5026-C39B-4257-800E-86FF1A4C74A8}
	EndGlobalSection
EndGlobal
